
Microsoft Visual Studio Solution File, Format Version 12.00
# Visual Studio Version 16
VisualStudioVersion = 16.0.29519.87
MinimumVisualStudioVersion = 10.0.40219.1
Project("{FAE04EC0-301F-11D3-BF4B-00C04F79EFBC}") = "ASP_webapp", "ASP_webapp.csproj", "{83BB3813-9A90-41C4-B8F5-584B82F43122}"
EndProject
Global
	GlobalSection(SolutionConfigurationPlatforms) = preSolution
		Debug|Any CPU = Debug|Any CPU
		Release|Any CPU = Release|Any CPU
	EndGlobalSection
	GlobalSection(ProjectConfigurationPlatforms) = postSolution
		{83BB3813-9A90-41C4-B8F5-584B82F43122}.Debug|Any CPU.ActiveCfg = Debug|Any CPU
		{83BB3813-9A90-41C4-B8F5-584B82F43122}.Debug|Any CPU.Build.0 = Debug|Any CPU
		{83BB3813-9A90-41C4-B8F5-584B82F43122}.Release|Any CPU.ActiveCfg = Release|Any CPU
		{83BB3813-9A90-41C4-B8F5-584B82F43122}.Release|Any CPU.Build.0 = Release|Any CPU
	EndGlobalSection
	GlobalSection(SolutionProperties) = preSolution
		HideSolutionNode = FALSE
	EndGlobalSection
	GlobalSection(ExtensibilityGlobals) = postSolution
		SolutionGuid = {721B1BAD-9210-4FEB-98F3-9BF58F839D89}
	EndGlobalSection
EndGlobal
